
Microsoft Visual Studio Solution File, Format Version 12.00
# Visual Studio Version 17
VisualStudioVersion = 17.8.34511.84
MinimumVisualStudioVersion = 10.0.40219.1
Project("{9A19103F-16F7-4668-BE54-9A1E7A4F7556}") = "MyCar.Server", "MyCar.Server\MyCar.Server.csproj", "{5BF2E649-1306-4872-9D9F-DB899FA8B8E9}"
EndProject
Project("{54A90642-561A-4BB1-A94E-469ADEE60C69}") = "mycar.client", "mycar.client\mycar.client.esproj", "{88479111-5334-467B-9EEE-6D34CA6DD6AD}"
EndProject
Project("{FAE04EC0-301F-11D3-BF4B-00C04F79EFBC}") = "MyCar.DataAccess", "MyCar.DataAccess\MyCar.DataAccess.csproj", "{4982B8C5-C56D-424B-BA9D-3E72014B89D4}"
EndProject
Project("{FAE04EC0-301F-11D3-BF4B-00C04F79EFBC}") = "MyCar.Repository", "MyCar.Repository\MyCar.Repository.csproj", "{BDE42A3E-74BF-4DD1-8AE2-307945FB4E7B}"
EndProject
Project("{FAE04EC0-301F-11D3-BF4B-00C04F79EFBC}") = "MyCar.Service", "MyCar.Service\MyCar.Service.csproj", "{EB1124E6-51C8-4192-864E-A9AAF95307FE}"
EndProject
Global
	GlobalSection(SolutionConfigurationPlatforms) = preSolution
		Debug|Any CPU = Debug|Any CPU
		Release|Any CPU = Release|Any CPU
	EndGlobalSection
	GlobalSection(ProjectConfigurationPlatforms) = postSolution
		{5BF2E649-1306-4872-9D9F-DB899FA8B8E9}.Debug|Any CPU.ActiveCfg = Debug|Any CPU
		{5BF2E649-1306-4872-9D9F-DB899FA8B8E9}.Debug|Any CPU.Build.0 = Debug|Any CPU
		{5BF2E649-1306-4872-9D9F-DB899FA8B8E9}.Release|Any CPU.ActiveCfg = Release|Any CPU
		{5BF2E649-1306-4872-9D9F-DB899FA8B8E9}.Release|Any CPU.Build.0 = Release|Any CPU
		{88479111-5334-467B-9EEE-6D34CA6DD6AD}.Debug|Any CPU.ActiveCfg = Debug|Any CPU
		{88479111-5334-467B-9EEE-6D34CA6DD6AD}.Debug|Any CPU.Build.0 = Debug|Any CPU
		{88479111-5334-467B-9EEE-6D34CA6DD6AD}.Debug|Any CPU.Deploy.0 = Debug|Any CPU
		{88479111-5334-467B-9EEE-6D34CA6DD6AD}.Release|Any CPU.ActiveCfg = Release|Any CPU
		{88479111-5334-467B-9EEE-6D34CA6DD6AD}.Release|Any CPU.Build.0 = Release|Any CPU
		{88479111-5334-467B-9EEE-6D34CA6DD6AD}.Release|Any CPU.Deploy.0 = Release|Any CPU
		{4982B8C5-C56D-424B-BA9D-3E72014B89D4}.Debug|Any CPU.ActiveCfg = Debug|Any CPU
		{4982B8C5-C56D-424B-BA9D-3E72014B89D4}.Debug|Any CPU.Build.0 = Debug|Any CPU
		{4982B8C5-C56D-424B-BA9D-3E72014B89D4}.Release|Any CPU.ActiveCfg = Release|Any CPU
		{4982B8C5-C56D-424B-BA9D-3E72014B89D4}.Release|Any CPU.Build.0 = Release|Any CPU
		{BDE42A3E-74BF-4DD1-8AE2-307945FB4E7B}.Debug|Any CPU.ActiveCfg = Debug|Any CPU
		{BDE42A3E-74BF-4DD1-8AE2-307945FB4E7B}.Debug|Any CPU.Build.0 = Debug|Any CPU
		{BDE42A3E-74BF-4DD1-8AE2-307945FB4E7B}.Release|Any CPU.ActiveCfg = Release|Any CPU
		{BDE42A3E-74BF-4DD1-8AE2-307945FB4E7B}.Release|Any CPU.Build.0 = Release|Any CPU
		{EB1124E6-51C8-4192-864E-A9AAF95307FE}.Debug|Any CPU.ActiveCfg = Debug|Any CPU
		{EB1124E6-51C8-4192-864E-A9AAF95307FE}.Debug|Any CPU.Build.0 = Debug|Any CPU
		{EB1124E6-51C8-4192-864E-A9AAF95307FE}.Release|Any CPU.ActiveCfg = Release|Any CPU
		{EB1124E6-51C8-4192-864E-A9AAF95307FE}.Release|Any CPU.Build.0 = Release|Any CPU
	EndGlobalSection
	GlobalSection(SolutionProperties) = preSolution
		HideSolutionNode = FALSE
	EndGlobalSection
	GlobalSection(ExtensibilityGlobals) = postSolution
		SolutionGuid = {37F42DC4-45CB-489E-BC87-88D4369AF781}
	EndGlobalSection
EndGlobal
